
Microsoft Visual Studio Solution File, Format Version 12.00
# Visual Studio Version 17
VisualStudioVersion = 17.9.34616.47
MinimumVisualStudioVersion = 10.0.40219.1
Project("{FAE04EC0-301F-11D3-BF4B-00C04F79EFBC}") = "ogrenci_bilgi_sistemi", "ogrenci_bilgi_sistemi\ogrenci_bilgi_sistemi.csproj", "{8B007CA7-4C59-4E55-ACC3-4E41CE4D717F}"
EndProject
Global
	GlobalSection(SolutionConfigurationPlatforms) = preSolution
		Debug|Any CPU = Debug|Any CPU
		Release|Any CPU = Release|Any CPU
	EndGlobalSection
	GlobalSection(ProjectConfigurationPlatforms) = postSolution
		{8B007CA7-4C59-4E55-ACC3-4E41CE4D717F}.Debug|Any CPU.ActiveCfg = Debug|Any CPU
		{8B007CA7-4C59-4E55-ACC3-4E41CE4D717F}.Debug|Any CPU.Build.0 = Debug|Any CPU
		{8B007CA7-4C59-4E55-ACC3-4E41CE4D717F}.Release|Any CPU.ActiveCfg = Release|Any CPU
		{8B007CA7-4C59-4E55-ACC3-4E41CE4D717F}.Release|Any CPU.Build.0 = Release|Any CPU
	EndGlobalSection
	GlobalSection(SolutionProperties) = preSolution
		HideSolutionNode = FALSE
	EndGlobalSection
	GlobalSection(ExtensibilityGlobals) = postSolution
		SolutionGuid = {3AB69C1D-313E-4783-9298-606FC01FE644}
	EndGlobalSection
EndGlobal
